
Microsoft Visual Studio Solution File, Format Version 12.00
# Visual Studio Version 17
VisualStudioVersion = 17.11.35327.3
MinimumVisualStudioVersion = 10.0.40219.1
Project("{FAE04EC0-301F-11D3-BF4B-00C04F79EFBC}") = "tutorial_1", "tutorial_1\tutorial_1.csproj", "{D7AE7BFA-307F-4973-9D57-1C062523C145}"
EndProject
Global
	GlobalSection(SolutionConfigurationPlatforms) = preSolution
		Debug|Any CPU = Debug|Any CPU
		Release|Any CPU = Release|Any CPU
	EndGlobalSection
	GlobalSection(ProjectConfigurationPlatforms) = postSolution
		{D7AE7BFA-307F-4973-9D57-1C062523C145}.Debug|Any CPU.ActiveCfg = Debug|Any CPU
		{D7AE7BFA-307F-4973-9D57-1C062523C145}.Debug|Any CPU.Build.0 = Debug|Any CPU
		{D7AE7BFA-307F-4973-9D57-1C062523C145}.Release|Any CPU.ActiveCfg = Release|Any CPU
		{D7AE7BFA-307F-4973-9D57-1C062523C145}.Release|Any CPU.Build.0 = Release|Any CPU
	EndGlobalSection
	GlobalSection(SolutionProperties) = preSolution
		HideSolutionNode = FALSE
	EndGlobalSection
	GlobalSection(ExtensibilityGlobals) = postSolution
		SolutionGuid = {4229527D-22CB-4638-AEAD-758CC8457EE2}
	EndGlobalSection
EndGlobal
